
Microsoft Visual Studio Solution File, Format Version 12.00
# Visual Studio Version 17
VisualStudioVersion = 17.10.35027.167
MinimumVisualStudioVersion = 10.0.40219.1
Project("{9A19103F-16F7-4668-BE54-9A1E7A4F7556}") = "L1_MultiAgent_Conversation_and_Standup_Comedy", "L1_MultiAgent_Conversation_and_Standup_Comedy\L1_MultiAgent_Conversation_and_Standup_Comedy.csproj", "{B23510D7-E67F-4007-BD37-C631DD37E500}"
EndProject
Project("{9A19103F-16F7-4668-BE54-9A1E7A4F7556}") = "L2_Sequential_Chats_and_Customer_Onboarding", "L2_Sequential_Chats_and_Customer_Onboarding\L2_Sequential_Chats_and_Customer_Onboarding.csproj", "{75FA7330-BD00-4150-9CB1-6513F93104E9}"
EndProject
Project("{9A19103F-16F7-4668-BE54-9A1E7A4F7556}") = "L3_Reflection_and_Blogpost_Writing", "L3_Reflection_and_Blogpost_Writing\L3_Reflection_and_Blogpost_Writing.csproj", "{EEBA875A-75DF-4BEB-9B4E-DF75107E3B62}"
EndProject
Project("{9A19103F-16F7-4668-BE54-9A1E7A4F7556}") = "L5_Coding_and_Math_Problem_Solving", "L5_Coding_and_Math_Problem_Solving\L5_Coding_and_Math_Problem_Solving.csproj", "{384112A5-6279-47B4-9984-BE38448B76B3}"
EndProject
Project("{9A19103F-16F7-4668-BE54-9A1E7A4F7556}") = "L6_Planning_and_Stock_Report_Generation", "L6-Planning_and_Stock_Report_Generation\L6_Planning_and_Stock_Report_Generation.csproj", "{3447AC81-B590-45C5-8E8C-D795DBCC6B05}"
EndProject
Project("{9A19103F-16F7-4668-BE54-9A1E7A4F7556}") = "L4_Tool_Use_and_Conversational_Tic_Tac_Toe", "L4_Tool_Use_and_Conversational_Tic_Tac_Toe\L4_Tool_Use_and_Conversational_Tic_Tac_Toe.csproj", "{327EE0BD-8663-40A0-AEF7-9CF46C7093C0}"
EndProject
Project("{FAE04EC0-301F-11D3-BF4B-00C04F79EFBC}") = "Util", "Util\Util.csproj", "{EF1CD1F9-8815-4CE7-BF00-C90A46C9860B}"
EndProject
Global
	GlobalSection(SolutionConfigurationPlatforms) = preSolution
		Debug|Any CPU = Debug|Any CPU
		Debug|x64 = Debug|x64
		Debug|x86 = Debug|x86
		Release|Any CPU = Release|Any CPU
		Release|x64 = Release|x64
		Release|x86 = Release|x86
	EndGlobalSection
	GlobalSection(ProjectConfigurationPlatforms) = postSolution
		{B23510D7-E67F-4007-BD37-C631DD37E500}.Debug|Any CPU.ActiveCfg = Debug|Any CPU
		{B23510D7-E67F-4007-BD37-C631DD37E500}.Debug|Any CPU.Build.0 = Debug|Any CPU
		{B23510D7-E67F-4007-BD37-C631DD37E500}.Debug|x64.ActiveCfg = Debug|Any CPU
		{B23510D7-E67F-4007-BD37-C631DD37E500}.Debug|x64.Build.0 = Debug|Any CPU
		{B23510D7-E67F-4007-BD37-C631DD37E500}.Debug|x86.ActiveCfg = Debug|Any CPU
		{B23510D7-E67F-4007-BD37-C631DD37E500}.Debug|x86.Build.0 = Debug|Any CPU
		{B23510D7-E67F-4007-BD37-C631DD37E500}.Release|Any CPU.ActiveCfg = Release|Any CPU
		{B23510D7-E67F-4007-BD37-C631DD37E500}.Release|Any CPU.Build.0 = Release|Any CPU
		{B23510D7-E67F-4007-BD37-C631DD37E500}.Release|x64.ActiveCfg = Release|Any CPU
		{B23510D7-E67F-4007-BD37-C631DD37E500}.Release|x64.Build.0 = Release|Any CPU
		{B23510D7-E67F-4007-BD37-C631DD37E500}.Release|x86.ActiveCfg = Release|Any CPU
		{B23510D7-E67F-4007-BD37-C631DD37E500}.Release|x86.Build.0 = Release|Any CPU
		{75FA7330-BD00-4150-9CB1-6513F93104E9}.Debug|Any CPU.ActiveCfg = Debug|Any CPU
		{75FA7330-BD00-4150-9CB1-6513F93104E9}.Debug|Any CPU.Build.0 = Debug|Any CPU
		{75FA7330-BD00-4150-9CB1-6513F93104E9}.Debug|x64.ActiveCfg = Debug|Any CPU
		{75FA7330-BD00-4150-9CB1-6513F93104E9}.Debug|x64.Build.0 = Debug|Any CPU
		{75FA7330-BD00-4150-9CB1-6513F93104E9}.Debug|x86.ActiveCfg = Debug|Any CPU
		{75FA7330-BD00-4150-9CB1-6513F93104E9}.Debug|x86.Build.0 = Debug|Any CPU
		{75FA7330-BD00-4150-9CB1-6513F93104E9}.Release|Any CPU.ActiveCfg = Release|Any CPU
		{75FA7330-BD00-4150-9CB1-6513F93104E9}.Release|Any CPU.Build.0 = Release|Any CPU
		{75FA7330-BD00-4150-9CB1-6513F93104E9}.Release|x64.ActiveCfg = Release|Any CPU
		{75FA7330-BD00-4150-9CB1-6513F93104E9}.Release|x64.Build.0 = Release|Any CPU
		{75FA7330-BD00-4150-9CB1-6513F93104E9}.Release|x86.ActiveCfg = Release|Any CPU
		{75FA7330-BD00-4150-9CB1-6513F93104E9}.Release|x86.Build.0 = Release|Any CPU
		{EEBA875A-75DF-4BEB-9B4E-DF75107E3B62}.Debug|Any CPU.ActiveCfg = Debug|Any CPU
		{EEBA875A-75DF-4BEB-9B4E-DF75107E3B62}.Debug|Any CPU.Build.0 = Debug|Any CPU
		{EEBA875A-75DF-4BEB-9B4E-DF75107E3B62}.Debug|x64.ActiveCfg = Debug|Any CPU
		{EEBA875A-75DF-4BEB-9B4E-DF75107E3B62}.Debug|x64.Build.0 = Debug|Any CPU
		{EEBA875A-75DF-4BEB-9B4E-DF75107E3B62}.Debug|x86.ActiveCfg = Debug|Any CPU
		{EEBA875A-75DF-4BEB-9B4E-DF75107E3B62}.Debug|x86.Build.0 = Debug|Any CPU
		{EEBA875A-75DF-4BEB-9B4E-DF75107E3B62}.Release|Any CPU.ActiveCfg = Release|Any CPU
		{EEBA875A-75DF-4BEB-9B4E-DF75107E3B62}.Release|Any CPU.Build.0 = Release|Any CPU
		{EEBA875A-75DF-4BEB-9B4E-DF75107E3B62}.Release|x64.ActiveCfg = Release|Any CPU
		{EEBA875A-75DF-4BEB-9B4E-DF75107E3B62}.Release|x64.Build.0 = Release|Any CPU
		{EEBA875A-75DF-4BEB-9B4E-DF75107E3B62}.Release|x86.ActiveCfg = Release|Any CPU
		{EEBA875A-75DF-4BEB-9B4E-DF75107E3B62}.Release|x86.Build.0 = Release|Any CPU
		{384112A5-6279-47B4-9984-BE38448B76B3}.Debug|Any CPU.ActiveCfg = Debug|Any CPU
		{384112A5-6279-47B4-9984-BE38448B76B3}.Debug|Any CPU.Build.0 = Debug|Any CPU
		{384112A5-6279-47B4-9984-BE38448B76B3}.Debug|x64.ActiveCfg = Debug|Any CPU
		{384112A5-6279-47B4-9984-BE38448B76B3}.Debug|x64.Build.0 = Debug|Any CPU
		{384112A5-6279-47B4-9984-BE38448B76B3}.Debug|x86.ActiveCfg = Debug|Any CPU
		{384112A5-6279-47B4-9984-BE38448B76B3}.Debug|x86.Build.0 = Debug|Any CPU
		{384112A5-6279-47B4-9984-BE38448B76B3}.Release|Any CPU.ActiveCfg = Release|Any CPU
		{384112A5-6279-47B4-9984-BE38448B76B3}.Release|Any CPU.Build.0 = Release|Any CPU
		{384112A5-6279-47B4-9984-BE38448B76B3}.Release|x64.ActiveCfg = Release|Any CPU
		{384112A5-6279-47B4-9984-BE38448B76B3}.Release|x64.Build.0 = Release|Any CPU
		{384112A5-6279-47B4-9984-BE38448B76B3}.Release|x86.ActiveCfg = Release|Any CPU
		{384112A5-6279-47B4-9984-BE38448B76B3}.Release|x86.Build.0 = Release|Any CPU
		{3447AC81-B590-45C5-8E8C-D795DBCC6B05}.Debug|Any CPU.ActiveCfg = Debug|Any CPU
		{3447AC81-B590-45C5-8E8C-D795DBCC6B05}.Debug|Any CPU.Build.0 = Debug|Any CPU
		{3447AC81-B590-45C5-8E8C-D795DBCC6B05}.Debug|x64.ActiveCfg = Debug|Any CPU
		{3447AC81-B590-45C5-8E8C-D795DBCC6B05}.Debug|x64.Build.0 = Debug|Any CPU
		{3447AC81-B590-45C5-8E8C-D795DBCC6B05}.Debug|x86.ActiveCfg = Debug|Any CPU
		{3447AC81-B590-45C5-8E8C-D795DBCC6B05}.Debug|x86.Build.0 = Debug|Any CPU
		{3447AC81-B590-45C5-8E8C-D795DBCC6B05}.Release|Any CPU.ActiveCfg = Release|Any CPU
		{3447AC81-B590-45C5-8E8C-D795DBCC6B05}.Release|Any CPU.Build.0 = Release|Any CPU
		{3447AC81-B590-45C5-8E8C-D795DBCC6B05}.Release|x64.ActiveCfg = Release|Any CPU
		{3447AC81-B590-45C5-8E8C-D795DBCC6B05}.Release|x64.Build.0 = Release|Any CPU
		{3447AC81-B590-45C5-8E8C-D795DBCC6B05}.Release|x86.ActiveCfg = Release|Any CPU
		{3447AC81-B590-45C5-8E8C-D795DBCC6B05}.Release|x86.Build.0 = Release|Any CPU
		{327EE0BD-8663-40A0-AEF7-9CF46C7093C0}.Debug|Any CPU.ActiveCfg = Debug|Any CPU
		{327EE0BD-8663-40A0-AEF7-9CF46C7093C0}.Debug|Any CPU.Build.0 = Debug|Any CPU
		{327EE0BD-8663-40A0-AEF7-9CF46C7093C0}.Debug|x64.ActiveCfg = Debug|Any CPU
		{327EE0BD-8663-40A0-AEF7-9CF46C7093C0}.Debug|x64.Build.0 = Debug|Any CPU
		{327EE0BD-8663-40A0-AEF7-9CF46C7093C0}.Debug|x86.ActiveCfg = Debug|Any CPU
		{327EE0BD-8663-40A0-AEF7-9CF46C7093C0}.Debug|x86.Build.0 = Debug|Any CPU
		{327EE0BD-8663-40A0-AEF7-9CF46C7093C0}.Release|Any CPU.ActiveCfg = Release|Any CPU
		{327EE0BD-8663-40A0-AEF7-9CF46C7093C0}.Release|Any CPU.Build.0 = Release|Any CPU
		{327EE0BD-8663-40A0-AEF7-9CF46C7093C0}.Release|x64.ActiveCfg = Release|Any CPU
		{327EE0BD-8663-40A0-AEF7-9CF46C7093C0}.Release|x64.Build.0 = Release|Any CPU
		{327EE0BD-8663-40A0-AEF7-9CF46C7093C0}.Release|x86.ActiveCfg = Release|Any CPU
		{327EE0BD-8663-40A0-AEF7-9CF46C7093C0}.Release|x86.Build.0 = Release|Any CPU
		{EF1CD1F9-8815-4CE7-BF00-C90A46C9860B}.Debug|Any CPU.ActiveCfg = Debug|Any CPU
		{EF1CD1F9-8815-4CE7-BF00-C90A46C9860B}.Debug|Any CPU.Build.0 = Debug|Any CPU
		{EF1CD1F9-8815-4CE7-BF00-C90A46C9860B}.Debug|x64.ActiveCfg = Debug|Any CPU
		{EF1CD1F9-8815-4CE7-BF00-C90A46C9860B}.Debug|x64.Build.0 = Debug|Any CPU
		{EF1CD1F9-8815-4CE7-BF00-C90A46C9860B}.Debug|x86.ActiveCfg = Debug|Any CPU
		{EF1CD1F9-8815-4CE7-BF00-C90A46C9860B}.Debug|x86.Build.0 = Debug|Any CPU
		{EF1CD1F9-8815-4CE7-BF00-C90A46C9860B}.Release|Any CPU.ActiveCfg = Release|Any CPU
		{EF1CD1F9-8815-4CE7-BF00-C90A46C9860B}.Release|Any CPU.Build.0 = Release|Any CPU
		{EF1CD1F9-8815-4CE7-BF00-C90A46C9860B}.Release|x64.ActiveCfg = Release|Any CPU
		{EF1CD1F9-8815-4CE7-BF00-C90A46C9860B}.Release|x64.Build.0 = Release|Any CPU
		{EF1CD1F9-8815-4CE7-BF00-C90A46C9860B}.Release|x86.ActiveCfg = Release|Any CPU
		{EF1CD1F9-8815-4CE7-BF00-C90A46C9860B}.Release|x86.Build.0 = Release|Any CPU
	EndGlobalSection
	GlobalSection(SolutionProperties) = preSolution
		HideSolutionNode = FALSE
	EndGlobalSection
	GlobalSection(ExtensibilityGlobals) = postSolution
		SolutionGuid = {8DA4BABF-3643-4737-B75A-C62B10B2DF23}
	EndGlobalSection
EndGlobal
